
Microsoft Visual Studio Solution File, Format Version 12.00
# Visual Studio Version 16
VisualStudioVersion = 16.0.30011.22
MinimumVisualStudioVersion = 10.0.40219.1
Project("{FAE04EC0-301F-11D3-BF4B-00C04F79EFBC}") = "HT1 - Control Workspace", "HT1 - Control Workspace\HT1 - Control Workspace.csproj", "{BD25E9C4-B193-4D0B-8121-23FEB1C1AE01}"
EndProject
Global
	GlobalSection(SolutionConfigurationPlatforms) = preSolution
		Debug|Any CPU = Debug|Any CPU
		Release|Any CPU = Release|Any CPU
	EndGlobalSection
	GlobalSection(ProjectConfigurationPlatforms) = postSolution
		{BD25E9C4-B193-4D0B-8121-23FEB1C1AE01}.Debug|Any CPU.ActiveCfg = Debug|Any CPU
		{BD25E9C4-B193-4D0B-8121-23FEB1C1AE01}.Debug|Any CPU.Build.0 = Debug|Any CPU
		{BD25E9C4-B193-4D0B-8121-23FEB1C1AE01}.Release|Any CPU.ActiveCfg = Release|Any CPU
		{BD25E9C4-B193-4D0B-8121-23FEB1C1AE01}.Release|Any CPU.Build.0 = Release|Any CPU
	EndGlobalSection
	GlobalSection(SolutionProperties) = preSolution
		HideSolutionNode = FALSE
	EndGlobalSection
	GlobalSection(ExtensibilityGlobals) = postSolution
		SolutionGuid = {8DF0D18E-020F-47DE-8EC4-6ED141DDF5E5}
	EndGlobalSection
EndGlobal
